{
  "name": "tripxpert_site",
  "version": "1.0.0",
  "lockfileVersion": 1,
  "requires": true,
  "dependencies": {
    "@progress/kendo-theme-bootstrap": {
      "version": "2.12.0",
      "resolved": "https://registry.npmjs.org/@progress/kendo-theme-bootstrap/-/kendo-theme-bootstrap-2.12.0.tgz",
      "integrity": "sha512-xZIi1A7BMuSH/xh6pvTQXCJBWJSSCCr/scHtwhrkDiOjln7TBQpkJo62PDDWMfcNwbML0NxzxxB9NA7rYMpyig==",
      "dev": true,
      "requires": {
        "@progress/kendo-theme-default": "2.51.0"
      }
    },
    "@progress/kendo-theme-default": {
      "version": "2.51.0",
      "resolved": "https://registry.npmjs.org/@progress/kendo-theme-default/-/kendo-theme-default-2.51.0.tgz",
      "integrity": "sha512-a8PmrGZezl4N15YVaAHyhiAofrfnW7bDFixhO9j58sS4hhjyteqUPxMsYYJSXtTndsD5Zm8dRPeCLT291AI7nw==",
      "dev": true
    },
    "bootstrap": {
      "version": "4.1.0",
      "resolved": "https://registry.npmjs.org/bootstrap/-/bootstrap-4.1.0.tgz",
      "integrity": "sha512-kCo82nE8qYVfOa/Z3hL98CPgPIEkh6iPdiJrUJMQ9n9r0+6PEET7cmhLlV0XVYmEj5QtKIOaSGMLxy5jSFhKog==",
      "dev": true
    }
  }
}
