{
  "name": "tripxpert_site",
  "version": "1.0.0",
  "lockfileVersion": 1,
  "requires": true,
  "dependencies": {
    "@progress/kendo-theme-bootstrap": {
      "version": "5.2.0",
      "resolved": "https://registry.npmjs.org/@progress/kendo-theme-bootstrap/-/kendo-theme-bootstrap-5.2.0.tgz",
      "integrity": "sha512-1OuWRT8EW9GjUuHYIeBEZpDZ7iA1o4LkQKsW9VOZvX93bICei8x8SZhTUiXJvVQzVn2VWdN+VG1wm/4TRUWLuw==",
      "dev": true,
      "requires": {
        "@progress/kendo-theme-default": "^5.2.0",
        "bootstrap": "^5.1.0"
      }
    },
    "@progress/kendo-theme-default": {
      "version": "5.2.0",
      "resolved": "https://registry.npmjs.org/@progress/kendo-theme-default/-/kendo-theme-default-5.2.0.tgz",
      "integrity": "sha512-k9VB/krxSeFRFuxk4i551oJajIv/dDGCjO4tm5Y6qXtbP06E+50zY+qbAxM6361jAYwkwY/yMqzhWRximtynAw==",
      "dev": true
    },
    "bootstrap": {
      "version": "5.1.3",
      "resolved": "https://registry.npmjs.org/bootstrap/-/bootstrap-5.1.3.tgz",
      "integrity": "sha512-fcQztozJ8jToQWXxVuEyXWW+dSo8AiXWKwiSSrKWsRB/Qt+Ewwza+JWoLKiTuQLaEPhdNAJ7+Dosc9DOIqNy7Q==",
      "dev": true
    }
  }
}
