{
  "name": "tripxpert_site",
  "version": "1.0.0",
  "lockfileVersion": 1,
  "requires": true,
  "dependencies": {
    "@progress/kendo-theme-bootstrap": {
      "version": "2.13.4",
      "resolved": "https://registry.npmjs.org/@progress/kendo-theme-bootstrap/-/kendo-theme-bootstrap-2.13.4.tgz",
      "integrity": "sha512-K6TXkBryC5SZDS/kt16CpdrSx1/3TgtWMiqdrZfO9I90rQgTgcGIElHtBveocUum0fhlhU3FCPRow7iIBiTobA==",
      "dev": true,
      "requires": {
        "@progress/kendo-theme-default": "2.53.1"
      }
    },
    "@progress/kendo-theme-default": {
      "version": "2.53.1",
      "resolved": "https://registry.npmjs.org/@progress/kendo-theme-default/-/kendo-theme-default-2.53.1.tgz",
      "integrity": "sha512-RyBsDIgE5c+24kMhWiFlBEIghLiszCR2a54grivoRpvAvIfsfr8Q7LVFrRip6GY9oDBQkU+Ag+qJwhP6Z0zOHQ==",
      "dev": true
    },
    "bootstrap": {
      "version": "4.1.1",
      "resolved": "https://registry.npmjs.org/bootstrap/-/bootstrap-4.1.1.tgz",
      "integrity": "sha512-SpiDSOcbg4J/PjVSt4ny5eY6j74VbVSjROY4Fb/WIUXBV9cnb5luyR4KnPvNoXuGnBK1T+nJIWqRsvU3yP8Mcg==",
      "dev": true
    }
  }
}
